// !$*UTF8*$!
{
	archiveVersion = 1;
	classes = {
	};
	objectVersion = 55;
	objects = {

/* Begin PBXBuildFile section */
		E723219D2754F833008E8A8F /* TouchdownApp.swift in Sources */ = {isa = PBXBuildFile; fileRef = E723219C2754F833008E8A8F /* TouchdownApp.swift */; };
		E723219F2754F833008E8A8F /* ContentView.swift in Sources */ = {isa = PBXBuildFile; fileRef = E723219E2754F833008E8A8F /* ContentView.swift */; };
		E72321A12754F835008E8A8F /* Assets.xcassets in Resources */ = {isa = PBXBuildFile; fileRef = E72321A02754F835008E8A8F /* Assets.xcassets */; };
		E72321A42754F835008E8A8F /* Preview Assets.xcassets in Resources */ = {isa = PBXBuildFile; fileRef = E72321A32754F835008E8A8F /* Preview Assets.xcassets */; };
		E72321AE2754F8FE008E8A8F /* player.json in Resources */ = {isa = PBXBuildFile; fileRef = E72321AA2754F8FE008E8A8F /* player.json */; };
		E72321AF2754F8FE008E8A8F /* brand.json in Resources */ = {isa = PBXBuildFile; fileRef = E72321AB2754F8FE008E8A8F /* brand.json */; };
		E72321B02754F8FE008E8A8F /* category.json in Resources */ = {isa = PBXBuildFile; fileRef = E72321AC2754F8FE008E8A8F /* category.json */; };
		E72321B12754F8FE008E8A8F /* product.json in Resources */ = {isa = PBXBuildFile; fileRef = E72321AD2754F8FE008E8A8F /* product.json */; };
		E72321BD2754FAA8008E8A8F /* Constant.swift in Sources */ = {isa = PBXBuildFile; fileRef = E72321BC2754FAA8008E8A8F /* Constant.swift */; };
		E76A283027564CF100678ED9 /* FooterView.swift in Sources */ = {isa = PBXBuildFile; fileRef = E76A282F27564CF100678ED9 /* FooterView.swift */; };
		E76A28322756933600678ED9 /* NavigationBarView.swift in Sources */ = {isa = PBXBuildFile; fileRef = E76A28312756933600678ED9 /* NavigationBarView.swift */; };
		E76A2834275695CF00678ED9 /* LogoView.swift in Sources */ = {isa = PBXBuildFile; fileRef = E76A2833275695CF00678ED9 /* LogoView.swift */; };
		E76A28362756B38400678ED9 /* PlayerModel.swift in Sources */ = {isa = PBXBuildFile; fileRef = E76A28352756B38400678ED9 /* PlayerModel.swift */; };
		E76A28382756B3CC00678ED9 /* CodableBundleExtension.swift in Sources */ = {isa = PBXBuildFile; fileRef = E76A28372756B3CC00678ED9 /* CodableBundleExtension.swift */; };
		E76A283A2757838200678ED9 /* FeaturedItemView.swift in Sources */ = {isa = PBXBuildFile; fileRef = E76A28392757838200678ED9 /* FeaturedItemView.swift */; };
		E76A283C2757861B00678ED9 /* FeaturedTabView.swift in Sources */ = {isa = PBXBuildFile; fileRef = E76A283B2757861B00678ED9 /* FeaturedTabView.swift */; };
		E76A283E27578B8500678ED9 /* CategoryModel.swift in Sources */ = {isa = PBXBuildFile; fileRef = E76A283D27578B8500678ED9 /* CategoryModel.swift */; };
		E76A284027578D8D00678ED9 /* CategoryItemView.swift in Sources */ = {isa = PBXBuildFile; fileRef = E76A283F27578D8D00678ED9 /* CategoryItemView.swift */; };
		E76A284227578EB100678ED9 /* CategoryGridView.swift in Sources */ = {isa = PBXBuildFile; fileRef = E76A284127578EB100678ED9 /* CategoryGridView.swift */; };
		E76A28442757920D00678ED9 /* SectionView.swift in Sources */ = {isa = PBXBuildFile; fileRef = E76A28432757920D00678ED9 /* SectionView.swift */; };
		E76A28462757964D00678ED9 /* TitleView.swift in Sources */ = {isa = PBXBuildFile; fileRef = E76A28452757964D00678ED9 /* TitleView.swift */; };
		E76A28482757986300678ED9 /* ProductModel.swift in Sources */ = {isa = PBXBuildFile; fileRef = E76A28472757986300678ED9 /* ProductModel.swift */; };
		E76A284A2757998900678ED9 /* ProductItemView.swift in Sources */ = {isa = PBXBuildFile; fileRef = E76A28492757998900678ED9 /* ProductItemView.swift */; };
		E792DC94275B75B200F9E9B7 /* QuantityFavouriteDetailView.swift in Sources */ = {isa = PBXBuildFile; fileRef = E792DC93275B75B200F9E9B7 /* QuantityFavouriteDetailView.swift */; };
		E792DC96275B783B00F9E9B7 /* AddToCartDetailView.swift in Sources */ = {isa = PBXBuildFile; fileRef = E792DC95275B783B00F9E9B7 /* AddToCartDetailView.swift */; };
		E7B030042758E52E00BCD34E /* BrandModel.swift in Sources */ = {isa = PBXBuildFile; fileRef = E7B030032758E52E00BCD34E /* BrandModel.swift */; };
		E7B030062758E58D00BCD34E /* BrandItemView.swift in Sources */ = {isa = PBXBuildFile; fileRef = E7B030052758E58D00BCD34E /* BrandItemView.swift */; };
		E7B030082758E6EB00BCD34E /* BrandGridView.swift in Sources */ = {isa = PBXBuildFile; fileRef = E7B030072758E6EB00BCD34E /* BrandGridView.swift */; };
		E7B0300C2758E8D500BCD34E /* ProductDetailView.swift in Sources */ = {isa = PBXBuildFile; fileRef = E7B0300B2758E8D500BCD34E /* ProductDetailView.swift */; };
		E7B0300E2758E9D200BCD34E /* NavigationBarDetailView.swift in Sources */ = {isa = PBXBuildFile; fileRef = E7B0300D2758E9D200BCD34E /* NavigationBarDetailView.swift */; };
		E7B030102758EB2F00BCD34E /* HeaderDetailView.swift in Sources */ = {isa = PBXBuildFile; fileRef = E7B0300F2758EB2F00BCD34E /* HeaderDetailView.swift */; };
		E7B030122758EC7B00BCD34E /* TopPartDetailView.swift in Sources */ = {isa = PBXBuildFile; fileRef = E7B030112758EC7B00BCD34E /* TopPartDetailView.swift */; };
		E7B0301427595ED900BCD34E /* CustomShape.swift in Sources */ = {isa = PBXBuildFile; fileRef = E7B0301327595ED900BCD34E /* CustomShape.swift */; };
		E7B03016275A61B400BCD34E /* RatingsSizeDetailView.swift in Sources */ = {isa = PBXBuildFile; fileRef = E7B03015275A61B400BCD34E /* RatingsSizeDetailView.swift */; };
/* End PBXBuildFile section */

/* Begin PBXFileReference section */
		E72321992754F833008E8A8F /* Touchdown.app */ = {isa = PBXFileReference; explicitFileType = wrapper.application; includeInIndex = 0; path = Touchdown.app; sourceTree = BUILT_PRODUCTS_DIR; };
		E723219C2754F833008E8A8F /* TouchdownApp.swift */ = {isa = PBXFileReference; lastKnownFileType = sourcecode.swift; path = TouchdownApp.swift; sourceTree = "<group>"; };
		E723219E2754F833008E8A8F /* ContentView.swift */ = {isa = PBXFileReference; lastKnownFileType = sourcecode.swift; path = ContentView.swift; sourceTree = "<group>"; };
		E72321A02754F835008E8A8F /* Assets.xcassets */ = {isa = PBXFileReference; lastKnownFileType = folder.assetcatalog; path = Assets.xcassets; sourceTree = "<group>"; };
		E72321A32754F835008E8A8F /* Preview Assets.xcassets */ = {isa = PBXFileReference; lastKnownFileType = folder.assetcatalog; path = "Preview Assets.xcassets"; sourceTree = "<group>"; };
		E72321AA2754F8FE008E8A8F /* player.json */ = {isa = PBXFileReference; fileEncoding = 4; lastKnownFileType = text.json; path = player.json; sourceTree = "<group>"; };
		E72321AB2754F8FE008E8A8F /* brand.json */ = {isa = PBXFileReference; fileEncoding = 4; lastKnownFileType = text.json; path = brand.json; sourceTree = "<group>"; };
		E72321AC2754F8FE008E8A8F /* category.json */ = {isa = PBXFileReference; fileEncoding = 4; lastKnownFileType = text.json; path = category.json; sourceTree = "<group>"; };
		E72321AD2754F8FE008E8A8F /* product.json */ = {isa = PBXFileReference; fileEncoding = 4; lastKnownFileType = text.json; path = product.json; sourceTree = "<group>"; };
		E72321B42754F972008E8A8F /* Info.plist */ = {isa = PBXFileReference; lastKnownFileType = text.plist; path = Info.plist; sourceTree = "<group>"; };
		E72321BC2754FAA8008E8A8F /* Constant.swift */ = {isa = PBXFileReference; lastKnownFileType = sourcecode.swift; path = Constant.swift; sourceTree = "<group>"; };
		E76A282F27564CF100678ED9 /* FooterView.swift */ = {isa = PBXFileReference; lastKnownFileType = sourcecode.swift; path = FooterView.swift; sourceTree = "<group>"; };
		E76A28312756933600678ED9 /* NavigationBarView.swift */ = {isa = PBXFileReference; lastKnownFileType = sourcecode.swift; path = NavigationBarView.swift; sourceTree = "<group>"; };
		E76A2833275695CF00678ED9 /* LogoView.swift */ = {isa = PBXFileReference; lastKnownFileType = sourcecode.swift; path = LogoView.swift; sourceTree = "<group>"; };
		E76A28352756B38400678ED9 /* PlayerModel.swift */ = {isa = PBXFileReference; lastKnownFileType = sourcecode.swift; path = PlayerModel.swift; sourceTree = "<group>"; };
		E76A28372756B3CC00678ED9 /* CodableBundleExtension.swift */ = {isa = PBXFileReference; lastKnownFileType = sourcecode.swift; path = CodableBundleExtension.swift; sourceTree = "<group>"; };
		E76A28392757838200678ED9 /* FeaturedItemView.swift */ = {isa = PBXFileReference; lastKnownFileType = sourcecode.swift; path = FeaturedItemView.swift; sourceTree = "<group>"; };
		E76A283B2757861B00678ED9 /* FeaturedTabView.swift */ = {isa = PBXFileReference; lastKnownFileType = sourcecode.swift; path = FeaturedTabView.swift; sourceTree = "<group>"; };
		E76A283D27578B8500678ED9 /* CategoryModel.swift */ = {isa = PBXFileReference; lastKnownFileType = sourcecode.swift; path = CategoryModel.swift; sourceTree = "<group>"; };
		E76A283F27578D8D00678ED9 /* CategoryItemView.swift */ = {isa = PBXFileReference; lastKnownFileType = sourcecode.swift; path = CategoryItemView.swift; sourceTree = "<group>"; };
		E76A284127578EB100678ED9 /* CategoryGridView.swift */ = {isa = PBXFileReference; lastKnownFileType = sourcecode.swift; path = CategoryGridView.swift; sourceTree = "<group>"; };
		E76A28432757920D00678ED9 /* SectionView.swift */ = {isa = PBXFileReference; lastKnownFileType = sourcecode.swift; path = SectionView.swift; sourceTree = "<group>"; };
		E76A28452757964D00678ED9 /* TitleView.swift */ = {isa = PBXFileReference; lastKnownFileType = sourcecode.swift; path = TitleView.swift; sourceTree = "<group>"; };
		E76A28472757986300678ED9 /* ProductModel.swift */ = {isa = PBXFileReference; lastKnownFileType = sourcecode.swift; path = ProductModel.swift; sourceTree = "<group>"; };
		E76A28492757998900678ED9 /* ProductItemView.swift */ = {isa = PBXFileReference; lastKnownFileType = sourcecode.swift; path = ProductItemView.swift; sourceTree = "<group>"; };
		E792DC93275B75B200F9E9B7 /* QuantityFavouriteDetailView.swift */ = {isa = PBXFileReference; lastKnownFileType = sourcecode.swift; path = QuantityFavouriteDetailView.swift; sourceTree = "<group>"; };
		E792DC95275B783B00F9E9B7 /* AddToCartDetailView.swift */ = {isa = PBXFileReference; lastKnownFileType = sourcecode.swift; path = AddToCartDetailView.swift; sourceTree = "<group>"; };
		E7B030032758E52E00BCD34E /* BrandModel.swift */ = {isa = PBXFileReference; lastKnownFileType = sourcecode.swift; path = BrandModel.swift; sourceTree = "<group>"; };
		E7B030052758E58D00BCD34E /* BrandItemView.swift */ = {isa = PBXFileReference; lastKnownFileType = sourcecode.swift; path = BrandItemView.swift; sourceTree = "<group>"; };
		E7B030072758E6EB00BCD34E /* BrandGridView.swift */ = {isa = PBXFileReference; lastKnownFileType = sourcecode.swift; path = BrandGridView.swift; sourceTree = "<group>"; };
		E7B0300B2758E8D500BCD34E /* ProductDetailView.swift */ = {isa = PBXFileReference; lastKnownFileType = sourcecode.swift; path = ProductDetailView.swift; sourceTree = "<group>"; };
		E7B0300D2758E9D200BCD34E /* NavigationBarDetailView.swift */ = {isa = PBXFileReference; lastKnownFileType = sourcecode.swift; path = NavigationBarDetailView.swift; sourceTree = "<group>"; };
		E7B0300F2758EB2F00BCD34E /* HeaderDetailView.swift */ = {isa = PBXFileReference; lastKnownFileType = sourcecode.swift; path = HeaderDetailView.swift; sourceTree = "<group>"; };
		E7B030112758EC7B00BCD34E /* TopPartDetailView.swift */ = {isa = PBXFileReference; lastKnownFileType = sourcecode.swift; path = TopPartDetailView.swift; sourceTree = "<group>"; };
		E7B0301327595ED900BCD34E /* CustomShape.swift */ = {isa = PBXFileReference; lastKnownFileType = sourcecode.swift; path = CustomShape.swift; sourceTree = "<group>"; };
		E7B03015275A61B400BCD34E /* RatingsSizeDetailView.swift */ = {isa = PBXFileReference; lastKnownFileType = sourcecode.swift; path = RatingsSizeDetailView.swift; sourceTree = "<group>"; };
/* End PBXFileReference section */

/* Begin PBXFrameworksBuildPhase section */
		E72321962754F833008E8A8F /* Frameworks */ = {
			isa = PBXFrameworksBuildPhase;
			buildActionMask = 2147483647;
			files = (
			);
			runOnlyForDeploymentPostprocessing = 0;
		};
/* End PBXFrameworksBuildPhase section */

/* Begin PBXGroup section */
		E72321902754F833008E8A8F = {
			isa = PBXGroup;
			children = (
				E723219B2754F833008E8A8F /* Touchdown */,
				E723219A2754F833008E8A8F /* Products */,
			);
			sourceTree = "<group>";
		};
		E723219A2754F833008E8A8F /* Products */ = {
			isa = PBXGroup;
			children = (
				E72321992754F833008E8A8F /* Touchdown.app */,
			);
			name = Products;
			sourceTree = "<group>";
		};
		E723219B2754F833008E8A8F /* Touchdown */ = {
			isa = PBXGroup;
			children = (
				E72321B52754F9ED008E8A8F /* App */,
				E72321B62754F9F7008E8A8F /* View */,
				E72321B32754F92A008E8A8F /* Data */,
				E72321BB2754FA38008E8A8F /* Utility */,
				E72321BA2754FA27008E8A8F /* Extension */,
				E72321B92754FA20008E8A8F /* Model */,
				E72321B42754F972008E8A8F /* Info.plist */,
				E72321A02754F835008E8A8F /* Assets.xcassets */,
				E72321A22754F835008E8A8F /* Preview Content */,
			);
			path = Touchdown;
			sourceTree = "<group>";
		};
		E72321A22754F835008E8A8F /* Preview Content */ = {
			isa = PBXGroup;
			children = (
				E72321A32754F835008E8A8F /* Preview Assets.xcassets */,
			);
			path = "Preview Content";
			sourceTree = "<group>";
		};
		E72321B32754F92A008E8A8F /* Data */ = {
			isa = PBXGroup;
			children = (
				E72321AB2754F8FE008E8A8F /* brand.json */,
				E72321AC2754F8FE008E8A8F /* category.json */,
				E72321AA2754F8FE008E8A8F /* player.json */,
				E72321AD2754F8FE008E8A8F /* product.json */,
			);
			path = Data;
			sourceTree = "<group>";
		};
		E72321B52754F9ED008E8A8F /* App */ = {
			isa = PBXGroup;
			children = (
				E723219C2754F833008E8A8F /* TouchdownApp.swift */,
				E723219E2754F833008E8A8F /* ContentView.swift */,
				E7B0300B2758E8D500BCD34E /* ProductDetailView.swift */,
			);
			path = App;
			sourceTree = "<group>";
		};
		E72321B62754F9F7008E8A8F /* View */ = {
			isa = PBXGroup;
			children = (
				E72321B82754FA10008E8A8F /* Detail */,
				E72321B72754FA08008E8A8F /* Home */,
			);
			path = View;
			sourceTree = "<group>";
		};
		E72321B72754FA08008E8A8F /* Home */ = {
			isa = PBXGroup;
			children = (
				E76A282F27564CF100678ED9 /* FooterView.swift */,
				E76A28312756933600678ED9 /* NavigationBarView.swift */,
				E76A2833275695CF00678ED9 /* LogoView.swift */,
				E76A28392757838200678ED9 /* FeaturedItemView.swift */,
				E76A283B2757861B00678ED9 /* FeaturedTabView.swift */,
				E76A283F27578D8D00678ED9 /* CategoryItemView.swift */,
				E76A284127578EB100678ED9 /* CategoryGridView.swift */,
				E76A28432757920D00678ED9 /* SectionView.swift */,
				E76A28452757964D00678ED9 /* TitleView.swift */,
				E76A28492757998900678ED9 /* ProductItemView.swift */,
				E7B030052758E58D00BCD34E /* BrandItemView.swift */,
				E7B030072758E6EB00BCD34E /* BrandGridView.swift */,
			);
			path = Home;
			sourceTree = "<group>";
		};
		E72321B82754FA10008E8A8F /* Detail */ = {
			isa = PBXGroup;
			children = (
				E7B0300D2758E9D200BCD34E /* NavigationBarDetailView.swift */,
				E7B0300F2758EB2F00BCD34E /* HeaderDetailView.swift */,
				E7B030112758EC7B00BCD34E /* TopPartDetailView.swift */,
				E7B03015275A61B400BCD34E /* RatingsSizeDetailView.swift */,
				E792DC93275B75B200F9E9B7 /* QuantityFavouriteDetailView.swift */,
				E792DC95275B783B00F9E9B7 /* AddToCartDetailView.swift */,
			);
			path = Detail;
			sourceTree = "<group>";
		};
		E72321B92754FA20008E8A8F /* Model */ = {
			isa = PBXGroup;
			children = (
				E76A28352756B38400678ED9 /* PlayerModel.swift */,
				E76A283D27578B8500678ED9 /* CategoryModel.swift */,
				E76A28472757986300678ED9 /* ProductModel.swift */,
				E7B030032758E52E00BCD34E /* BrandModel.swift */,
			);
			path = Model;
			sourceTree = "<group>";
		};
		E72321BA2754FA27008E8A8F /* Extension */ = {
			isa = PBXGroup;
			children = (
				E76A28372756B3CC00678ED9 /* CodableBundleExtension.swift */,
			);
			path = Extension;
			sourceTree = "<group>";
		};
		E72321BB2754FA38008E8A8F /* Utility */ = {
			isa = PBXGroup;
			children = (
				E72321BC2754FAA8008E8A8F /* Constant.swift */,
				E7B0301327595ED900BCD34E /* CustomShape.swift */,
			);
			path = Utility;
			sourceTree = "<group>";
		};
/* End PBXGroup section */

/* Begin PBXNativeTarget section */
		E72321982754F833008E8A8F /* Touchdown */ = {
			isa = PBXNativeTarget;
			buildConfigurationList = E72321A72754F835008E8A8F /* Build configuration list for PBXNativeTarget "Touchdown" */;
			buildPhases = (
				E72321952754F833008E8A8F /* Sources */,
				E72321962754F833008E8A8F /* Frameworks */,
				E72321972754F833008E8A8F /* Resources */,
			);
			buildRules = (
			);
			dependencies = (
			);
			name = Touchdown;
			productName = Touchdown;
			productReference = E72321992754F833008E8A8F /* Touchdown.app */;
			productType = "com.apple.product-type.application";
		};
/* End PBXNativeTarget section */

/* Begin PBXProject section */
		E72321912754F833008E8A8F /* Project object */ = {
			isa = PBXProject;
			attributes = {
				BuildIndependentTargetsInParallel = 1;
				LastSwiftUpdateCheck = 1310;
				LastUpgradeCheck = 1310;
				TargetAttributes = {
					E72321982754F833008E8A8F = {
						CreatedOnToolsVersion = 13.1;
					};
				};
			};
			buildConfigurationList = E72321942754F833008E8A8F /* Build configuration list for PBXProject "Touchdown" */;
			compatibilityVersion = "Xcode 13.0";
			developmentRegion = en;
			hasScannedForEncodings = 0;
			knownRegions = (
				en,
				Base,
			);
			mainGroup = E72321902754F833008E8A8F;
			productRefGroup = E723219A2754F833008E8A8F /* Products */;
			projectDirPath = "";
			projectRoot = "";
			targets = (
				E72321982754F833008E8A8F /* Touchdown */,
			);
		};
/* End PBXProject section */

/* Begin PBXResourcesBuildPhase section */
		E72321972754F833008E8A8F /* Resources */ = {
			isa = PBXResourcesBuildPhase;
			buildActionMask = 2147483647;
			files = (
				E72321AE2754F8FE008E8A8F /* player.json in Resources */,
				E72321AF2754F8FE008E8A8F /* brand.json in Resources */,
				E72321B02754F8FE008E8A8F /* category.json in Resources */,
				E72321A42754F835008E8A8F /* Preview Assets.xcassets in Resources */,
				E72321A12754F835008E8A8F /* Assets.xcassets in Resources */,
				E72321B12754F8FE008E8A8F /* product.json in Resources */,
			);
			runOnlyForDeploymentPostprocessing = 0;
		};
/* End PBXResourcesBuildPhase section */

/* Begin PBXSourcesBuildPhase section */
		E72321952754F833008E8A8F /* Sources */ = {
			isa = PBXSourcesBuildPhase;
			buildActionMask = 2147483647;
			files = (
				E76A28382756B3CC00678ED9 /* CodableBundleExtension.swift in Sources */,
				E7B030102758EB2F00BCD34E /* HeaderDetailView.swift in Sources */,
				E7B030122758EC7B00BCD34E /* TopPartDetailView.swift in Sources */,
				E723219F2754F833008E8A8F /* ContentView.swift in Sources */,
				E76A2834275695CF00678ED9 /* LogoView.swift in Sources */,
				E723219D2754F833008E8A8F /* TouchdownApp.swift in Sources */,
				E76A283A2757838200678ED9 /* FeaturedItemView.swift in Sources */,
				E76A284A2757998900678ED9 /* ProductItemView.swift in Sources */,
				E792DC96275B783B00F9E9B7 /* AddToCartDetailView.swift in Sources */,
				E7B030082758E6EB00BCD34E /* BrandGridView.swift in Sources */,
				E7B03016275A61B400BCD34E /* RatingsSizeDetailView.swift in Sources */,
				E76A283027564CF100678ED9 /* FooterView.swift in Sources */,
				E7B0300C2758E8D500BCD34E /* ProductDetailView.swift in Sources */,
				E7B0300E2758E9D200BCD34E /* NavigationBarDetailView.swift in Sources */,
				E72321BD2754FAA8008E8A8F /* Constant.swift in Sources */,
				E76A284227578EB100678ED9 /* CategoryGridView.swift in Sources */,
				E76A283E27578B8500678ED9 /* CategoryModel.swift in Sources */,
				E76A28322756933600678ED9 /* NavigationBarView.swift in Sources */,
				E76A28442757920D00678ED9 /* SectionView.swift in Sources */,
				E7B030062758E58D00BCD34E /* BrandItemView.swift in Sources */,
				E76A284027578D8D00678ED9 /* CategoryItemView.swift in Sources */,
				E76A283C2757861B00678ED9 /* FeaturedTabView.swift in Sources */,
				E7B0301427595ED900BCD34E /* CustomShape.swift in Sources */,
				E76A28362756B38400678ED9 /* PlayerModel.swift in Sources */,
				E7B030042758E52E00BCD34E /* BrandModel.swift in Sources */,
				E76A28462757964D00678ED9 /* TitleView.swift in Sources */,
				E792DC94275B75B200F9E9B7 /* QuantityFavouriteDetailView.swift in Sources */,
				E76A28482757986300678ED9 /* ProductModel.swift in Sources */,
			);
			runOnlyForDeploymentPostprocessing = 0;
		};
/* End PBXSourcesBuildPhase section */

/* Begin XCBuildConfiguration section */
		E72321A52754F835008E8A8F /* Debug */ = {
			isa = XCBuildConfiguration;
			buildSettings = {
				ALWAYS_SEARCH_USER_PATHS = NO;
				CLANG_ANALYZER_NONNULL = YES;
				CLANG_ANALYZER_NUMBER_OBJECT_CONVERSION = YES_AGGRESSIVE;
				CLANG_CXX_LANGUAGE_STANDARD = "gnu++17";
				CLANG_CXX_LIBRARY = "libc++";
				CLANG_ENABLE_MODULES = YES;
				CLANG_ENABLE_OBJC_ARC = YES;
				CLANG_ENABLE_OBJC_WEAK = YES;
				CLANG_WARN_BLOCK_CAPTURE_AUTORELEASING = YES;
				CLANG_WARN_BOOL_CONVERSION = YES;
				CLANG_WARN_COMMA = YES;
				CLANG_WARN_CONSTANT_CONVERSION = YES;
				CLANG_WARN_DEPRECATED_OBJC_IMPLEMENTATIONS = YES;
				CLANG_WARN_DIRECT_OBJC_ISA_USAGE = YES_ERROR;
				CLANG_WARN_DOCUMENTATION_COMMENTS = YES;
				CLANG_WARN_EMPTY_BODY = YES;
				CLANG_WARN_ENUM_CONVERSION = YES;
				CLANG_WARN_INFINITE_RECURSION = YES;
				CLANG_WARN_INT_CONVERSION = YES;
				CLANG_WARN_NON_LITERAL_NULL_CONVERSION = YES;
				CLANG_WARN_OBJC_IMPLICIT_RETAIN_SELF = YES;
				CLANG_WARN_OBJC_LITERAL_CONVERSION = YES;
				CLANG_WARN_OBJC_ROOT_CLASS = YES_ERROR;
				CLANG_WARN_QUOTED_INCLUDE_IN_FRAMEWORK_HEADER = YES;
				CLANG_WARN_RANGE_LOOP_ANALYSIS = YES;
				CLANG_WARN_STRICT_PROTOTYPES = YES;
				CLANG_WARN_SUSPICIOUS_MOVE = YES;
				CLANG_WARN_UNGUARDED_AVAILABILITY = YES_AGGRESSIVE;
				CLANG_WARN_UNREACHABLE_CODE = YES;
				CLANG_WARN__DUPLICATE_METHOD_MATCH = YES;
				COPY_PHASE_STRIP = NO;
				DEBUG_INFORMATION_FORMAT = dwarf;
				ENABLE_STRICT_OBJC_MSGSEND = YES;
				ENABLE_TESTABILITY = YES;
				GCC_C_LANGUAGE_STANDARD = gnu11;
				GCC_DYNAMIC_NO_PIC = NO;
				GCC_NO_COMMON_BLOCKS = YES;
				GCC_OPTIMIZATION_LEVEL = 0;
				GCC_PREPROCESSOR_DEFINITIONS = (
					"DEBUG=1",
					"$(inherited)",
				);
				GCC_WARN_64_TO_32_BIT_CONVERSION = YES;
				GCC_WARN_ABOUT_RETURN_TYPE = YES_ERROR;
				GCC_WARN_UNDECLARED_SELECTOR = YES;
				GCC_WARN_UNINITIALIZED_AUTOS = YES_AGGRESSIVE;
				GCC_WARN_UNUSED_FUNCTION = YES;
				GCC_WARN_UNUSED_VARIABLE = YES;
				IPHONEOS_DEPLOYMENT_TARGET = 15.0;
				MTL_ENABLE_DEBUG_INFO = INCLUDE_SOURCE;
				MTL_FAST_MATH = YES;
				ONLY_ACTIVE_ARCH = YES;
				SDKROOT = iphoneos;
				SWIFT_ACTIVE_COMPILATION_CONDITIONS = DEBUG;
				SWIFT_OPTIMIZATION_LEVEL = "-Onone";
			};
			name = Debug;
		};
		E72321A62754F835008E8A8F /* Release */ = {
			isa = XCBuildConfiguration;
			buildSettings = {
				ALWAYS_SEARCH_USER_PATHS = NO;
				CLANG_ANALYZER_NONNULL = YES;
				CLANG_ANALYZER_NUMBER_OBJECT_CONVERSION = YES_AGGRESSIVE;
				CLANG_CXX_LANGUAGE_STANDARD = "gnu++17";
				CLANG_CXX_LIBRARY = "libc++";
				CLANG_ENABLE_MODULES = YES;
				CLANG_ENABLE_OBJC_ARC = YES;
				CLANG_ENABLE_OBJC_WEAK = YES;
				CLANG_WARN_BLOCK_CAPTURE_AUTORELEASING = YES;
				CLANG_WARN_BOOL_CONVERSION = YES;
				CLANG_WARN_COMMA = YES;
				CLANG_WARN_CONSTANT_CONVERSION = YES;
				CLANG_WARN_DEPRECATED_OBJC_IMPLEMENTATIONS = YES;
				CLANG_WARN_DIRECT_OBJC_ISA_USAGE = YES_ERROR;
				CLANG_WARN_DOCUMENTATION_COMMENTS = YES;
				CLANG_WARN_EMPTY_BODY = YES;
				CLANG_WARN_ENUM_CONVERSION = YES;
				CLANG_WARN_INFINITE_RECURSION = YES;
				CLANG_WARN_INT_CONVERSION = YES;
				CLANG_WARN_NON_LITERAL_NULL_CONVERSION = YES;
				CLANG_WARN_OBJC_IMPLICIT_RETAIN_SELF = YES;
				CLANG_WARN_OBJC_LITERAL_CONVERSION = YES;
				CLANG_WARN_OBJC_ROOT_CLASS = YES_ERROR;
				CLANG_WARN_QUOTED_INCLUDE_IN_FRAMEWORK_HEADER = YES;
				CLANG_WARN_RANGE_LOOP_ANALYSIS = YES;
				CLANG_WARN_STRICT_PROTOTYPES = YES;
				CLANG_WARN_SUSPICIOUS_MOVE = YES;
				CLANG_WARN_UNGUARDED_AVAILABILITY = YES_AGGRESSIVE;
				CLANG_WARN_UNREACHABLE_CODE = YES;
				CLANG_WARN__DUPLICATE_METHOD_MATCH = YES;
				COPY_PHASE_STRIP = NO;
				DEBUG_INFORMATION_FORMAT = "dwarf-with-dsym";
				ENABLE_NS_ASSERTIONS = NO;
				ENABLE_STRICT_OBJC_MSGSEND = YES;
				GCC_C_LANGUAGE_STANDARD = gnu11;
				GCC_NO_COMMON_BLOCKS = YES;
				GCC_WARN_64_TO_32_BIT_CONVERSION = YES;
				GCC_WARN_ABOUT_RETURN_TYPE = YES_ERROR;
				GCC_WARN_UNDECLARED_SELECTOR = YES;
				GCC_WARN_UNINITIALIZED_AUTOS = YES_AGGRESSIVE;
				GCC_WARN_UNUSED_FUNCTION = YES;
				GCC_WARN_UNUSED_VARIABLE = YES;
				IPHONEOS_DEPLOYMENT_TARGET = 15.0;
				MTL_ENABLE_DEBUG_INFO = NO;
				MTL_FAST_MATH = YES;
				SDKROOT = iphoneos;
				SWIFT_COMPILATION_MODE = wholemodule;
				SWIFT_OPTIMIZATION_LEVEL = "-O";
				VALIDATE_PRODUCT = YES;
			};
			name = Release;
		};
		E72321A82754F835008E8A8F /* Debug */ = {
			isa = XCBuildConfiguration;
			buildSettings = {
				ASSETCATALOG_COMPILER_APPICON_NAME = AppIcon;
				ASSETCATALOG_COMPILER_GLOBAL_ACCENT_COLOR_NAME = AccentColor;
				CODE_SIGN_STYLE = Automatic;
				CURRENT_PROJECT_VERSION = 1;
				DEVELOPMENT_ASSET_PATHS = "\"Touchdown/Preview Content\"";
				DEVELOPMENT_TEAM = NVL8V53A55;
				ENABLE_PREVIEWS = YES;
				GENERATE_INFOPLIST_FILE = YES;
				INFOPLIST_FILE = Touchdown/Info.plist;
				INFOPLIST_KEY_UIApplicationSceneManifest_Generation = YES;
				INFOPLIST_KEY_UIApplicationSupportsIndirectInputEvents = YES;
				INFOPLIST_KEY_UISupportedInterfaceOrientations = UIInterfaceOrientationPortrait;
				INFOPLIST_KEY_UISupportedInterfaceOrientations_iPad = "UIInterfaceOrientationPortrait UIInterfaceOrientationPortraitUpsideDown UIInterfaceOrientationLandscapeLeft UIInterfaceOrientationLandscapeRight";
				INFOPLIST_KEY_UISupportedInterfaceOrientations_iPhone = "UIInterfaceOrientationPortrait UIInterfaceOrientationLandscapeLeft UIInterfaceOrientationLandscapeRight";
				INFOPLIST_KEY_UIUserInterfaceStyle = Light;
				IPHONEOS_DEPLOYMENT_TARGET = 14.0;
				LD_RUNPATH_SEARCH_PATHS = (
					"$(inherited)",
					"@executable_path/Frameworks",
				);
				MARKETING_VERSION = 1.0;
				PRODUCT_BUNDLE_IDENTIFIER = nvs.arthur.Touchdown;
				PRODUCT_NAME = "$(TARGET_NAME)";
				SWIFT_EMIT_LOC_STRINGS = YES;
				SWIFT_VERSION = 5.0;
				TARGETED_DEVICE_FAMILY = "1,2";
			};
			name = Debug;
		};
		E72321A92754F835008E8A8F /* Release */ = {
			isa = XCBuildConfiguration;
			buildSettings = {
				ASSETCATALOG_COMPILER_APPICON_NAME = AppIcon;
				ASSETCATALOG_COMPILER_GLOBAL_ACCENT_COLOR_NAME = AccentColor;
				CODE_SIGN_STYLE = Automatic;
				CURRENT_PROJECT_VERSION = 1;
				DEVELOPMENT_ASSET_PATHS = "\"Touchdown/Preview Content\"";
				DEVELOPMENT_TEAM = NVL8V53A55;
				ENABLE_PREVIEWS = YES;
				GENERATE_INFOPLIST_FILE = YES;
				INFOPLIST_FILE = Touchdown/Info.plist;
				INFOPLIST_KEY_UIApplicationSceneManifest_Generation = YES;
				INFOPLIST_KEY_UIApplicationSupportsIndirectInputEvents = YES;
				INFOPLIST_KEY_UISupportedInterfaceOrientations = UIInterfaceOrientationPortrait;
				INFOPLIST_KEY_UISupportedInterfaceOrientations_iPad = "UIInterfaceOrientationPortrait UIInterfaceOrientationPortraitUpsideDown UIInterfaceOrientationLandscapeLeft UIInterfaceOrientationLandscapeRight";
				INFOPLIST_KEY_UISupportedInterfaceOrientations_iPhone = "UIInterfaceOrientationPortrait UIInterfaceOrientationLandscapeLeft UIInterfaceOrientationLandscapeRight";
				INFOPLIST_KEY_UIUserInterfaceStyle = Light;
				IPHONEOS_DEPLOYMENT_TARGET = 14.0;
				LD_RUNPATH_SEARCH_PATHS = (
					"$(inherited)",
					"@executable_path/Frameworks",
				);
				MARKETING_VERSION = 1.0;
				PRODUCT_BUNDLE_IDENTIFIER = nvs.arthur.Touchdown;
				PRODUCT_NAME = "$(TARGET_NAME)";
				SWIFT_EMIT_LOC_STRINGS = YES;
				SWIFT_VERSION = 5.0;
				TARGETED_DEVICE_FAMILY = "1,2";
			};
			name = Release;
		};
/* End XCBuildConfiguration section */

/* Begin XCConfigurationList section */
		E72321942754F833008E8A8F /* Build configuration list for PBXProject "Touchdown" */ = {
			isa = XCConfigurationList;
			buildConfigurations = (
				E72321A52754F835008E8A8F /* Debug */,
				E72321A62754F835008E8A8F /* Release */,
			);
			defaultConfigurationIsVisible = 0;
			defaultConfigurationName = Release;
		};
		E72321A72754F835008E8A8F /* Build configuration list for PBXNativeTarget "Touchdown" */ = {
			isa = XCConfigurationList;
			buildConfigurations = (
				E72321A82754F835008E8A8F /* Debug */,
				E72321A92754F835008E8A8F /* Release */,
			);
			defaultConfigurationIsVisible = 0;
			defaultConfigurationName = Release;
		};
/* End XCConfigurationList section */
	};
	rootObject = E72321912754F833008E8A8F /* Project object */;
}
